github.com/dchest/uniuri v0.0.0-20200228104902-7aecb25e1fe5 h1:RAV05c0xOkJ3dZGS0JFybxFKZ2WMLabgx3uXnd7rpGs=
github.com/dchest/uniuri v0.0.0-20200228104902-7aecb25e1fe5/go.mod h1:GgB8SF9nRG+GqaDtLcwJZsQFhcogVCJ79j4EdT0c2V4=
github.com/gobwas/httphead v0.1.0 h1:exrUm0f4YX0L7EBwZHuCF4GDp8aJfVeBrlLQrs6NqWU=
github.com/gobwas/httphead v0.1.0/go.mod h1:O/RXo79gxV8G+RqlR/otEwx4Q36zl9rqC5u12GKvMCM=
github.com/gobwas/pool v0.2.1 h1:xfeeEhW7pwmX8nuLVlqbzVc7udMDrwetjEv+TZIz1og=
github.com/gobwas/pool v0.2.1/go.mod h1:q8bcK0KcYlCgd9e7WYLm9LpyS+YeLd8JVDW6WezmKEw=
github.com/gobwas/ws v1.0.4 h1:5eXU1CZhpQdq5kXbKb+sECH5Ia5KiO6CYzIzdlVx6Bs=
github.com/gobwas/ws v1.0.4/go.mod h1:szmBTxLgaFppYjEmNtny/v3w89xOydFnnZMcgRRu/EM=
github.com/gorilla/mux v1.8.0 h1:i40aqfkR1h2SlN9hojwV5ZA91wcXFOvkdNIeFDP5koI=
github.com/gorilla/mux v1.8.0/go.mod h1:DVbg23sWSpFRCP0SfiEN6jmj59UnW/n46BH5rLB71So=
github.com/orcaman/concurrent-map v0.0.0-20210106121528-16402b402231 h1:fa50YL1pzKW+1SsBnJDOHppJN9stOEwS+CRWyUtyYGU=
github.com/orcaman/concurrent-map v0.0.0-20210106121528-16402b402231/go.mod h1:Lu3tH6HLW3feq74c2GC+jIMS/K2CFcDWnWD9XkenwhI=
golang.org/x/sys v0.0.0-20210227040730-b0d1d43c014d h1:9fH9JvLNoSpsDWcXJ4dSE3lZW99Z3OCUZLr07g60U6o=
golang.org/x/sys v0.0.0-20210227040730-b0d1d43c014d/go.mod h1:h1NjWce9XRLGQEsW7wpKNCjG9DtNlClVuFLEZdDNbEs=
